// !$*UTF8*$!
{
	archiveVersion = 1;
	classes = {
	};
	objectVersion = 56;
	objects = {

/* Begin PBXBuildFile section */
		21A2C3DFA2ACB9E5B9D24B6D /* Pods_OnePiece.framework in Frameworks */ = {isa = PBXBuildFile; fileRef = 638D3C46E2943A0EBB5CEBE8 /* Pods_OnePiece.framework */; };
		885160E62A3C54860029A414 /* AppDelegate.swift in Sources */ = {isa = PBXBuildFile; fileRef = 885160E52A3C54860029A414 /* AppDelegate.swift */; };
		885160E82A3C54860029A414 /* SceneDelegate.swift in Sources */ = {isa = PBXBuildFile; fileRef = 885160E72A3C54860029A414 /* SceneDelegate.swift */; };
		885160EA2A3C54860029A414 /* StartingPage.swift in Sources */ = {isa = PBXBuildFile; fileRef = 885160E92A3C54860029A414 /* StartingPage.swift */; };
		885160EF2A3C54870029A414 /* Assets.xcassets in Resources */ = {isa = PBXBuildFile; fileRef = 885160EE2A3C54870029A414 /* Assets.xcassets */; };
		885160F22A3C54870029A414 /* LaunchScreen.storyboard in Resources */ = {isa = PBXBuildFile; fileRef = 885160F02A3C54870029A414 /* LaunchScreen.storyboard */; };
/* End PBXBuildFile section */

/* Begin PBXFileReference section */
		638D3C46E2943A0EBB5CEBE8 /* Pods_OnePiece.framework */ = {isa = PBXFileReference; explicitFileType = wrapper.framework; includeInIndex = 0; path = Pods_OnePiece.framework; sourceTree = BUILT_PRODUCTS_DIR; };
		885160E22A3C54860029A414 /* OnePiece.app */ = {isa = PBXFileReference; explicitFileType = wrapper.application; includeInIndex = 0; path = OnePiece.app; sourceTree = BUILT_PRODUCTS_DIR; };
		885160E52A3C54860029A414 /* AppDelegate.swift */ = {isa = PBXFileReference; lastKnownFileType = sourcecode.swift; path = AppDelegate.swift; sourceTree = "<group>"; };
		885160E72A3C54860029A414 /* SceneDelegate.swift */ = {isa = PBXFileReference; lastKnownFileType = sourcecode.swift; path = SceneDelegate.swift; sourceTree = "<group>"; };
		885160E92A3C54860029A414 /* StartingPage.swift */ = {isa = PBXFileReference; lastKnownFileType = sourcecode.swift; path = StartingPage.swift; sourceTree = "<group>"; };
		885160EE2A3C54870029A414 /* Assets.xcassets */ = {isa = PBXFileReference; lastKnownFileType = folder.assetcatalog; path = Assets.xcassets; sourceTree = "<group>"; };
		885160F12A3C54870029A414 /* Base */ = {isa = PBXFileReference; lastKnownFileType = file.storyboard; name = Base; path = Base.lproj/LaunchScreen.storyboard; sourceTree = "<group>"; };
		885160F32A3C54870029A414 /* Info.plist */ = {isa = PBXFileReference; lastKnownFileType = text.plist.xml; path = Info.plist; sourceTree = "<group>"; };
		A1B02E6DA75B3D95E03B89B7 /* Pods-OnePiece.release.xcconfig */ = {isa = PBXFileReference; includeInIndex = 1; lastKnownFileType = text.xcconfig; name = "Pods-OnePiece.release.xcconfig"; path = "Target Support Files/Pods-OnePiece/Pods-OnePiece.release.xcconfig"; sourceTree = "<group>"; };
		F32A90BC03FB9EDFE738B3DB /* Pods-OnePiece.debug.xcconfig */ = {isa = PBXFileReference; includeInIndex = 1; lastKnownFileType = text.xcconfig; name = "Pods-OnePiece.debug.xcconfig"; path = "Target Support Files/Pods-OnePiece/Pods-OnePiece.debug.xcconfig"; sourceTree = "<group>"; };
/* End PBXFileReference section */

/* Begin PBXFrameworksBuildPhase section */
		885160DF2A3C54860029A414 /* Frameworks */ = {
			isa = PBXFrameworksBuildPhase;
			buildActionMask = 2147483647;
			files = (
				21A2C3DFA2ACB9E5B9D24B6D /* Pods_OnePiece.framework in Frameworks */,
			);
			runOnlyForDeploymentPostprocessing = 0;
		};
/* End PBXFrameworksBuildPhase section */

/* Begin PBXGroup section */
		00357660DED0596AF0888BC3 /* Frameworks */ = {
			isa = PBXGroup;
			children = (
				638D3C46E2943A0EBB5CEBE8 /* Pods_OnePiece.framework */,
			);
			name = Frameworks;
			sourceTree = "<group>";
		};
		004F1EA4EF10BB150E7EAC1B /* Pods */ = {
			isa = PBXGroup;
			children = (
				F32A90BC03FB9EDFE738B3DB /* Pods-OnePiece.debug.xcconfig */,
				A1B02E6DA75B3D95E03B89B7 /* Pods-OnePiece.release.xcconfig */,
			);
			path = Pods;
			sourceTree = "<group>";
		};
		885160D92A3C54860029A414 = {
			isa = PBXGroup;
			children = (
				885160E42A3C54860029A414 /* OnePiece */,
				885160E32A3C54860029A414 /* Products */,
				004F1EA4EF10BB150E7EAC1B /* Pods */,
				00357660DED0596AF0888BC3 /* Frameworks */,
			);
			sourceTree = "<group>";
		};
		885160E32A3C54860029A414 /* Products */ = {
			isa = PBXGroup;
			children = (
				885160E22A3C54860029A414 /* OnePiece.app */,
			);
			name = Products;
			sourceTree = "<group>";
		};
		885160E42A3C54860029A414 /* OnePiece */ = {
			isa = PBXGroup;
			children = (
				885160E92A3C54860029A414 /* StartingPage.swift */,
				885160F32A3C54870029A414 /* Info.plist */,
				885160F92A3C55890029A414 /* SupportFile */,
			);
			path = OnePiece;
			sourceTree = "<group>";
		};
		885160F92A3C55890029A414 /* SupportFile */ = {
			isa = PBXGroup;
			children = (
				885160E52A3C54860029A414 /* AppDelegate.swift */,
				885160E72A3C54860029A414 /* SceneDelegate.swift */,
				885160EE2A3C54870029A414 /* Assets.xcassets */,
				885160F02A3C54870029A414 /* LaunchScreen.storyboard */,
			);
			path = SupportFile;
			sourceTree = "<group>";
		};
/* End PBXGroup section */

/* Begin PBXNativeTarget section */
		885160E12A3C54860029A414 /* OnePiece */ = {
			isa = PBXNativeTarget;
			buildConfigurationList = 885160F62A3C54870029A414 /* Build configuration list for PBXNativeTarget "OnePiece" */;
			buildPhases = (
				2E5179D71A1A691AF0EC4800 /* [CP] Check Pods Manifest.lock */,
				885160DE2A3C54860029A414 /* Sources */,
				885160DF2A3C54860029A414 /* Frameworks */,
				885160E02A3C54860029A414 /* Resources */,
				F913529F8743C089677FFE3F /* [CP] Embed Pods Frameworks */,
			);
			buildRules = (
			);
			dependencies = (
			);
			name = OnePiece;
			productName = OnePiece;
			productReference = 885160E22A3C54860029A414 /* OnePiece.app */;
			productType = "com.apple.product-type.application";
		};
/* End PBXNativeTarget section */

/* Begin PBXProject section */
		885160DA2A3C54860029A414 /* Project object */ = {
			isa = PBXProject;
			attributes = {
				BuildIndependentTargetsInParallel = 1;
				LastSwiftUpdateCheck = 1430;
				LastUpgradeCheck = 1430;
				TargetAttributes = {
					885160E12A3C54860029A414 = {
						CreatedOnToolsVersion = 14.3.1;
					};
				};
			};
			buildConfigurationList = 885160DD2A3C54860029A414 /* Build configuration list for PBXProject "OnePiece" */;
			compatibilityVersion = "Xcode 14.0";
			developmentRegion = en;
			hasScannedForEncodings = 0;
			knownRegions = (
				en,
				Base,
			);
			mainGroup = 885160D92A3C54860029A414;
			productRefGroup = 885160E32A3C54860029A414 /* Products */;
			projectDirPath = "";
			projectRoot = "";
			targets = (
				885160E12A3C54860029A414 /* OnePiece */,
			);
		};
/* End PBXProject section */

/* Begin PBXResourcesBuildPhase section */
		885160E02A3C54860029A414 /* Resources */ = {
			isa = PBXResourcesBuildPhase;
			buildActionMask = 2147483647;
			files = (
				885160F22A3C54870029A414 /* LaunchScreen.storyboard in Resources */,
				885160EF2A3C54870029A414 /* Assets.xcassets in Resources */,
			);
			runOnlyForDeploymentPostprocessing = 0;
		};
/* End PBXResourcesBuildPhase section */

/* Begin PBXShellScriptBuildPhase section */
		2E5179D71A1A691AF0EC4800 /* [CP] Check Pods Manifest.lock */ = {
			isa = PBXShellScriptBuildPhase;
			buildActionMask = 2147483647;
			files = (
			);
			inputFileListPaths = (
			);
			inputPaths = (
				"${PODS_PODFILE_DIR_PATH}/Podfile.lock",
				"${PODS_ROOT}/Manifest.lock",
			);
			name = "[CP] Check Pods Manifest.lock";
			outputFileListPaths = (
			);
			outputPaths = (
				"$(DERIVED_FILE_DIR)/Pods-OnePiece-checkManifestLockResult.txt",
			);
			runOnlyForDeploymentPostprocessing = 0;
			shellPath = /bin/sh;
			shellScript = "diff \"${PODS_PODFILE_DIR_PATH}/Podfile.lock\" \"${PODS_ROOT}/Manifest.lock\" > /dev/null\nif [ $? != 0 ] ; then\n    # print error to STDERR\n    echo \"error: The sandbox is not in sync with the Podfile.lock. Run 'pod install' or update your CocoaPods installation.\" >&2\n    exit 1\nfi\n# This output is used by Xcode 'outputs' to avoid re-running this script phase.\necho \"SUCCESS\" > \"${SCRIPT_OUTPUT_FILE_0}\"\n";
			showEnvVarsInLog = 0;
		};
		F913529F8743C089677FFE3F /* [CP] Embed Pods Frameworks */ = {
			isa = PBXShellScriptBuildPhase;
			buildActionMask = 2147483647;
			files = (
			);
			inputFileListPaths = (
				"${PODS_ROOT}/Target Support Files/Pods-OnePiece/Pods-OnePiece-frameworks-${CONFIGURATION}-input-files.xcfilelist",
			);
			name = "[CP] Embed Pods Frameworks";
			outputFileListPaths = (
				"${PODS_ROOT}/Target Support Files/Pods-OnePiece/Pods-OnePiece-frameworks-${CONFIGURATION}-output-files.xcfilelist",
			);
			runOnlyForDeploymentPostprocessing = 0;
			shellPath = /bin/sh;
			shellScript = "\"${PODS_ROOT}/Target Support Files/Pods-OnePiece/Pods-OnePiece-frameworks.sh\"\n";
			showEnvVarsInLog = 0;
		};
/* End PBXShellScriptBuildPhase section */

/* Begin PBXSourcesBuildPhase section */
		885160DE2A3C54860029A414 /* Sources */ = {
			isa = PBXSourcesBuildPhase;
			buildActionMask = 2147483647;
			files = (
				885160EA2A3C54860029A414 /* StartingPage.swift in Sources */,
				885160E62A3C54860029A414 /* AppDelegate.swift in Sources */,
				885160E82A3C54860029A414 /* SceneDelegate.swift in Sources */,
			);
			runOnlyForDeploymentPostprocessing = 0;
		};
/* End PBXSourcesBuildPhase section */

/* Begin PBXVariantGroup section */
		885160F02A3C54870029A414 /* LaunchScreen.storyboard */ = {
			isa = PBXVariantGroup;
			children = (
				885160F12A3C54870029A414 /* Base */,
			);
			name = LaunchScreen.storyboard;
			sourceTree = "<group>";
		};
/* End PBXVariantGroup section */

/* Begin XCBuildConfiguration section */
		885160F42A3C54870029A414 /* Debug */ = {
			isa = XCBuildConfiguration;
			buildSettings = {
				ALWAYS_SEARCH_USER_PATHS = NO;
				CLANG_ANALYZER_NONNULL = YES;
				CLANG_ANALYZER_NUMBER_OBJECT_CONVERSION = YES_AGGRESSIVE;
				CLANG_CXX_LANGUAGE_STANDARD = "gnu++20";
				CLANG_ENABLE_MODULES = YES;
				CLANG_ENABLE_OBJC_ARC = YES;
				CLANG_ENABLE_OBJC_WEAK = YES;
				CLANG_WARN_BLOCK_CAPTURE_AUTORELEASING = YES;
				CLANG_WARN_BOOL_CONVERSION = YES;
				CLANG_WARN_COMMA = YES;
				CLANG_WARN_CONSTANT_CONVERSION = YES;
				CLANG_WARN_DEPRECATED_OBJC_IMPLEMENTATIONS = YES;
				CLANG_WARN_DIRECT_OBJC_ISA_USAGE = YES_ERROR;
				CLANG_WARN_DOCUMENTATION_COMMENTS = YES;
				CLANG_WARN_EMPTY_BODY = YES;
				CLANG_WARN_ENUM_CONVERSION = YES;
				CLANG_WARN_INFINITE_RECURSION = YES;
				CLANG_WARN_INT_CONVERSION = YES;
				CLANG_WARN_NON_LITERAL_NULL_CONVERSION = YES;
				CLANG_WARN_OBJC_IMPLICIT_RETAIN_SELF = YES;
				CLANG_WARN_OBJC_LITERAL_CONVERSION = YES;
				CLANG_WARN_OBJC_ROOT_CLASS = YES_ERROR;
				CLANG_WARN_QUOTED_INCLUDE_IN_FRAMEWORK_HEADER = YES;
				CLANG_WARN_RANGE_LOOP_ANALYSIS = YES;
				CLANG_WARN_STRICT_PROTOTYPES = YES;
				CLANG_WARN_SUSPICIOUS_MOVE = YES;
				CLANG_WARN_UNGUARDED_AVAILABILITY = YES_AGGRESSIVE;
				CLANG_WARN_UNREACHABLE_CODE = YES;
				CLANG_WARN__DUPLICATE_METHOD_MATCH = YES;
				COPY_PHASE_STRIP = NO;
				DEBUG_INFORMATION_FORMAT = dwarf;
				ENABLE_STRICT_OBJC_MSGSEND = YES;
				ENABLE_TESTABILITY = YES;
				GCC_C_LANGUAGE_STANDARD = gnu11;
				GCC_DYNAMIC_NO_PIC = NO;
				GCC_NO_COMMON_BLOCKS = YES;
				GCC_OPTIMIZATION_LEVEL = 0;
				GCC_PREPROCESSOR_DEFINITIONS = (
					"DEBUG=1",
					"$(inherited)",
				);
				GCC_WARN_64_TO_32_BIT_CONVERSION = YES;
				GCC_WARN_ABOUT_RETURN_TYPE = YES_ERROR;
				GCC_WARN_UNDECLARED_SELECTOR = YES;
				GCC_WARN_UNINITIALIZED_AUTOS = YES_AGGRESSIVE;
				GCC_WARN_UNUSED_FUNCTION = YES;
				GCC_WARN_UNUSED_VARIABLE = YES;
				IPHONEOS_DEPLOYMENT_TARGET = 16.4;
				MTL_ENABLE_DEBUG_INFO = INCLUDE_SOURCE;
				MTL_FAST_MATH = YES;
				ONLY_ACTIVE_ARCH = YES;
				SDKROOT = iphoneos;
				SWIFT_ACTIVE_COMPILATION_CONDITIONS = DEBUG;
				SWIFT_OPTIMIZATION_LEVEL = "-Onone";
			};
			name = Debug;
		};
		885160F52A3C54870029A414 /* Release */ = {
			isa = XCBuildConfiguration;
			buildSettings = {
				ALWAYS_SEARCH_USER_PATHS = NO;
				CLANG_ANALYZER_NONNULL = YES;
				CLANG_ANALYZER_NUMBER_OBJECT_CONVERSION = YES_AGGRESSIVE;
				CLANG_CXX_LANGUAGE_STANDARD = "gnu++20";
				CLANG_ENABLE_MODULES = YES;
				CLANG_ENABLE_OBJC_ARC = YES;
				CLANG_ENABLE_OBJC_WEAK = YES;
				CLANG_WARN_BLOCK_CAPTURE_AUTORELEASING = YES;
				CLANG_WARN_BOOL_CONVERSION = YES;
				CLANG_WARN_COMMA = YES;
				CLANG_WARN_CONSTANT_CONVERSION = YES;
				CLANG_WARN_DEPRECATED_OBJC_IMPLEMENTATIONS = YES;
				CLANG_WARN_DIRECT_OBJC_ISA_USAGE = YES_ERROR;
				CLANG_WARN_DOCUMENTATION_COMMENTS = YES;
				CLANG_WARN_EMPTY_BODY = YES;
				CLANG_WARN_ENUM_CONVERSION = YES;
				CLANG_WARN_INFINITE_RECURSION = YES;
				CLANG_WARN_INT_CONVERSION = YES;
				CLANG_WARN_NON_LITERAL_NULL_CONVERSION = YES;
				CLANG_WARN_OBJC_IMPLICIT_RETAIN_SELF = YES;
				CLANG_WARN_OBJC_LITERAL_CONVERSION = YES;
				CLANG_WARN_OBJC_ROOT_CLASS = YES_ERROR;
				CLANG_WARN_QUOTED_INCLUDE_IN_FRAMEWORK_HEADER = YES;
				CLANG_WARN_RANGE_LOOP_ANALYSIS = YES;
				CLANG_WARN_STRICT_PROTOTYPES = YES;
				CLANG_WARN_SUSPICIOUS_MOVE = YES;
				CLANG_WARN_UNGUARDED_AVAILABILITY = YES_AGGRESSIVE;
				CLANG_WARN_UNREACHABLE_CODE = YES;
				CLANG_WARN__DUPLICATE_METHOD_MATCH = YES;
				COPY_PHASE_STRIP = NO;
				DEBUG_INFORMATION_FORMAT = "dwarf-with-dsym";
				ENABLE_NS_ASSERTIONS = NO;
				ENABLE_STRICT_OBJC_MSGSEND = YES;
				GCC_C_LANGUAGE_STANDARD = gnu11;
				GCC_NO_COMMON_BLOCKS = YES;
				GCC_WARN_64_TO_32_BIT_CONVERSION = YES;
				GCC_WARN_ABOUT_RETURN_TYPE = YES_ERROR;
				GCC_WARN_UNDECLARED_SELECTOR = YES;
				GCC_WARN_UNINITIALIZED_AUTOS = YES_AGGRESSIVE;
				GCC_WARN_UNUSED_FUNCTION = YES;
				GCC_WARN_UNUSED_VARIABLE = YES;
				IPHONEOS_DEPLOYMENT_TARGET = 16.4;
				MTL_ENABLE_DEBUG_INFO = NO;
				MTL_FAST_MATH = YES;
				SDKROOT = iphoneos;
				SWIFT_COMPILATION_MODE = wholemodule;
				SWIFT_OPTIMIZATION_LEVEL = "-O";
				VALIDATE_PRODUCT = YES;
			};
			name = Release;
		};
		885160F72A3C54870029A414 /* Debug */ = {
			isa = XCBuildConfiguration;
			baseConfigurationReference = F32A90BC03FB9EDFE738B3DB /* Pods-OnePiece.debug.xcconfig */;
			buildSettings = {
				ASSETCATALOG_COMPILER_APPICON_NAME = AppIcon;
				ASSETCATALOG_COMPILER_GLOBAL_ACCENT_COLOR_NAME = AccentColor;
				CODE_SIGN_STYLE = Automatic;
				CURRENT_PROJECT_VERSION = 1;
				DEVELOPMENT_TEAM = 8836BP5ACL;
				GENERATE_INFOPLIST_FILE = YES;
				INFOPLIST_FILE = OnePiece/Info.plist;
				INFOPLIST_KEY_UIApplicationSupportsIndirectInputEvents = YES;
				INFOPLIST_KEY_UILaunchStoryboardName = LaunchScreen;
				INFOPLIST_KEY_UISupportedInterfaceOrientations_iPad = "UIInterfaceOrientationPortrait UIInterfaceOrientationPortraitUpsideDown UIInterfaceOrientationLandscapeLeft UIInterfaceOrientationLandscapeRight";
				INFOPLIST_KEY_UISupportedInterfaceOrientations_iPhone = "UIInterfaceOrientationPortrait UIInterfaceOrientationLandscapeLeft UIInterfaceOrientationLandscapeRight";
				LD_RUNPATH_SEARCH_PATHS = (
					"$(inherited)",
					"@executable_path/Frameworks",
				);
				MARKETING_VERSION = 1.0;
				PRODUCT_BUNDLE_IDENTIFIER = onepiece.OnePiece;
				PRODUCT_NAME = "$(TARGET_NAME)";
				SWIFT_EMIT_LOC_STRINGS = YES;
				SWIFT_VERSION = 5.0;
				TARGETED_DEVICE_FAMILY = "1,2";
			};
			name = Debug;
		};
		885160F82A3C54870029A414 /* Release */ = {
			isa = XCBuildConfiguration;
			baseConfigurationReference = A1B02E6DA75B3D95E03B89B7 /* Pods-OnePiece.release.xcconfig */;
			buildSettings = {
				ASSETCATALOG_COMPILER_APPICON_NAME = AppIcon;
				ASSETCATALOG_COMPILER_GLOBAL_ACCENT_COLOR_NAME = AccentColor;
				CODE_SIGN_STYLE = Automatic;
				CURRENT_PROJECT_VERSION = 1;
				DEVELOPMENT_TEAM = 8836BP5ACL;
				GENERATE_INFOPLIST_FILE = YES;
				INFOPLIST_FILE = OnePiece/Info.plist;
				INFOPLIST_KEY_UIApplicationSupportsIndirectInputEvents = YES;
				INFOPLIST_KEY_UILaunchStoryboardName = LaunchScreen;
				INFOPLIST_KEY_UISupportedInterfaceOrientations_iPad = "UIInterfaceOrientationPortrait UIInterfaceOrientationPortraitUpsideDown UIInterfaceOrientationLandscapeLeft UIInterfaceOrientationLandscapeRight";
				INFOPLIST_KEY_UISupportedInterfaceOrientations_iPhone = "UIInterfaceOrientationPortrait UIInterfaceOrientationLandscapeLeft UIInterfaceOrientationLandscapeRight";
				LD_RUNPATH_SEARCH_PATHS = (
					"$(inherited)",
					"@executable_path/Frameworks",
				);
				MARKETING_VERSION = 1.0;
				PRODUCT_BUNDLE_IDENTIFIER = onepiece.OnePiece;
				PRODUCT_NAME = "$(TARGET_NAME)";
				SWIFT_EMIT_LOC_STRINGS = YES;
				SWIFT_VERSION = 5.0;
				TARGETED_DEVICE_FAMILY = "1,2";
			};
			name = Release;
		};
/* End XCBuildConfiguration section */

/* Begin XCConfigurationList section */
		885160DD2A3C54860029A414 /* Build configuration list for PBXProject "OnePiece" */ = {
			isa = XCConfigurationList;
			buildConfigurations = (
				885160F42A3C54870029A414 /* Debug */,
				885160F52A3C54870029A414 /* Release */,
			);
			defaultConfigurationIsVisible = 0;
			defaultConfigurationName = Release;
		};
		885160F62A3C54870029A414 /* Build configuration list for PBXNativeTarget "OnePiece" */ = {
			isa = XCConfigurationList;
			buildConfigurations = (
				885160F72A3C54870029A414 /* Debug */,
				885160F82A3C54870029A414 /* Release */,
			);
			defaultConfigurationIsVisible = 0;
			defaultConfigurationName = Release;
		};
/* End XCConfigurationList section */
	};
	rootObject = 885160DA2A3C54860029A414 /* Project object */;
}
