// !$*UTF8*$!
{
	archiveVersion = 1;
	classes = {
	};
	objectVersion = 56;
	objects = {

/* Begin PBXBuildFile section */
		21A2C3DFA2ACB9E5B9D24B6D /* Pods_OnePiece.framework in Frameworks */ = {isa = PBXBuildFile; fileRef = 638D3C46E2943A0EBB5CEBE8 /* Pods_OnePiece.framework */; };
		880A42A92A4E70D40073DDDC /* OFL.txt in Resources */ = {isa = PBXBuildFile; fileRef = 880A42A72A4E70D40073DDDC /* OFL.txt */; };
		880A42AA2A4E70D40073DDDC /* Orbit-Regular.ttf in Resources */ = {isa = PBXBuildFile; fileRef = 880A42A82A4E70D40073DDDC /* Orbit-Regular.ttf */; };
		880A42B42A5167E30073DDDC /* MainViewController.swift in Sources */ = {isa = PBXBuildFile; fileRef = 880A42B32A5167E30073DDDC /* MainViewController.swift */; };
		880A42B92A52D1360073DDDC /* DefaultAlert.swift in Sources */ = {isa = PBXBuildFile; fileRef = 880A42B82A52D1360073DDDC /* DefaultAlert.swift */; };
		880A42C22A5476CF0073DDDC /* DefaultTextField.swift in Sources */ = {isa = PBXBuildFile; fileRef = 880A42C12A5476CF0073DDDC /* DefaultTextField.swift */; };
		880A42CA2A56DC970073DDDC /* CustomCell.swift in Sources */ = {isa = PBXBuildFile; fileRef = 880A42C92A56DC970073DDDC /* CustomCell.swift */; };
		880A42CD2A56E2110073DDDC /* FeedContentViewController.swift in Sources */ = {isa = PBXBuildFile; fileRef = 880A42CC2A56E2110073DDDC /* FeedContentViewController.swift */; };
		880A43362A5827EA0073DDDC /* AuthAPI.swift in Sources */ = {isa = PBXBuildFile; fileRef = 880A43352A5827EA0073DDDC /* AuthAPI.swift */; };
		880A43382A582C580073DDDC /* DefaultButton.swift in Sources */ = {isa = PBXBuildFile; fileRef = 880A43372A582C580073DDDC /* DefaultButton.swift */; };
		880A43792A5AF0D40073DDDC /* MoyaLoggerPlugin.swift in Sources */ = {isa = PBXBuildFile; fileRef = 880A43782A5AF0D40073DDDC /* MoyaLoggerPlugin.swift */; };
		880A437D2A5AF2090073DDDC /* AuthResponse.swift in Sources */ = {isa = PBXBuildFile; fileRef = 880A437C2A5AF2090073DDDC /* AuthResponse.swift */; };
		880A43E12A5D2FB30073DDDC /* UserViewController.swift in Sources */ = {isa = PBXBuildFile; fileRef = 880A43E02A5D2FB30073DDDC /* UserViewController.swift */; };
		880A43E42A5D4ACF0073DDDC /* SchoolInfoSignupViewController.swift in Sources */ = {isa = PBXBuildFile; fileRef = 880A43E32A5D4ACF0073DDDC /* SchoolInfoSignupViewController.swift */; };
		880A43E62A5D4B1C0073DDDC /* NickNameSignupViewController.swift in Sources */ = {isa = PBXBuildFile; fileRef = 880A43E52A5D4B1C0073DDDC /* NickNameSignupViewController.swift */; };
		880A43E82A5D57840073DDDC /* IdSignupViewController.swift in Sources */ = {isa = PBXBuildFile; fileRef = 880A43E72A5D57840073DDDC /* IdSignupViewController.swift */; };
		880A43EC2A5E378D0073DDDC /* PasswordSignupViewController.swift in Sources */ = {isa = PBXBuildFile; fileRef = 880A43EB2A5E378D0073DDDC /* PasswordSignupViewController.swift */; };
		885160E62A3C54860029A414 /* AppDelegate.swift in Sources */ = {isa = PBXBuildFile; fileRef = 885160E52A3C54860029A414 /* AppDelegate.swift */; };
		885160E82A3C54860029A414 /* SceneDelegate.swift in Sources */ = {isa = PBXBuildFile; fileRef = 885160E72A3C54860029A414 /* SceneDelegate.swift */; };
		885160EA2A3C54860029A414 /* LoginViewController.swift in Sources */ = {isa = PBXBuildFile; fileRef = 885160E92A3C54860029A414 /* LoginViewController.swift */; };
		885160EF2A3C54870029A414 /* Assets.xcassets in Resources */ = {isa = PBXBuildFile; fileRef = 885160EE2A3C54870029A414 /* Assets.xcassets */; };
		885160F22A3C54870029A414 /* LaunchScreen.storyboard in Resources */ = {isa = PBXBuildFile; fileRef = 885160F02A3C54870029A414 /* LaunchScreen.storyboard */; };
		887015692A6FF66C00E09096 /* TagListView.swift in Sources */ = {isa = PBXBuildFile; fileRef = 887015682A6FF66C00E09096 /* TagListView.swift */; };
		8870156B2A6FF90900E09096 /* TagListCell.swift in Sources */ = {isa = PBXBuildFile; fileRef = 8870156A2A6FF90900E09096 /* TagListCell.swift */; };
		8875E2982A5EC42600CA20C1 /* UserModifyViewController.swift in Sources */ = {isa = PBXBuildFile; fileRef = 8875E2972A5EC42600CA20C1 /* UserModifyViewController.swift */; };
		888D49932A6C2E6600124F93 /* FeedModifyViewController.swift in Sources */ = {isa = PBXBuildFile; fileRef = 888D49922A6C2E6500124F93 /* FeedModifyViewController.swift */; };
		888D49C02A6F891D00124F93 /* UserInfo.swift in Sources */ = {isa = PBXBuildFile; fileRef = 888D49BF2A6F891D00124F93 /* UserInfo.swift */; };
		88B8906F2A67A39400BDFD55 /* ContentAlert.swift in Sources */ = {isa = PBXBuildFile; fileRef = 88B8906E2A67A39400BDFD55 /* ContentAlert.swift */; };
/* End PBXBuildFile section */

/* Begin PBXFileReference section */
		638D3C46E2943A0EBB5CEBE8 /* Pods_OnePiece.framework */ = {isa = PBXFileReference; explicitFileType = wrapper.framework; includeInIndex = 0; path = Pods_OnePiece.framework; sourceTree = BUILT_PRODUCTS_DIR; };
		880A42A72A4E70D40073DDDC /* OFL.txt */ = {isa = PBXFileReference; fileEncoding = 4; lastKnownFileType = text; path = OFL.txt; sourceTree = "<group>"; };
		880A42A82A4E70D40073DDDC /* Orbit-Regular.ttf */ = {isa = PBXFileReference; lastKnownFileType = file; path = "Orbit-Regular.ttf"; sourceTree = "<group>"; };
		880A42B32A5167E30073DDDC /* MainViewController.swift */ = {isa = PBXFileReference; lastKnownFileType = sourcecode.swift; path = MainViewController.swift; sourceTree = "<group>"; };
		880A42B82A52D1360073DDDC /* DefaultAlert.swift */ = {isa = PBXFileReference; lastKnownFileType = sourcecode.swift; path = DefaultAlert.swift; sourceTree = "<group>"; };
		880A42C12A5476CF0073DDDC /* DefaultTextField.swift */ = {isa = PBXFileReference; lastKnownFileType = sourcecode.swift; path = DefaultTextField.swift; sourceTree = "<group>"; };
		880A42C92A56DC970073DDDC /* CustomCell.swift */ = {isa = PBXFileReference; lastKnownFileType = sourcecode.swift; path = CustomCell.swift; sourceTree = "<group>"; };
		880A42CC2A56E2110073DDDC /* FeedContentViewController.swift */ = {isa = PBXFileReference; lastKnownFileType = sourcecode.swift; path = FeedContentViewController.swift; sourceTree = "<group>"; };
		880A43352A5827EA0073DDDC /* AuthAPI.swift */ = {isa = PBXFileReference; lastKnownFileType = sourcecode.swift; path = AuthAPI.swift; sourceTree = "<group>"; };
		880A43372A582C580073DDDC /* DefaultButton.swift */ = {isa = PBXFileReference; lastKnownFileType = sourcecode.swift; path = DefaultButton.swift; sourceTree = "<group>"; };
		880A43782A5AF0D40073DDDC /* MoyaLoggerPlugin.swift */ = {isa = PBXFileReference; lastKnownFileType = sourcecode.swift; path = MoyaLoggerPlugin.swift; sourceTree = "<group>"; };
		880A437C2A5AF2090073DDDC /* AuthResponse.swift */ = {isa = PBXFileReference; lastKnownFileType = sourcecode.swift; path = AuthResponse.swift; sourceTree = "<group>"; };
		880A43E02A5D2FB30073DDDC /* UserViewController.swift */ = {isa = PBXFileReference; lastKnownFileType = sourcecode.swift; path = UserViewController.swift; sourceTree = "<group>"; };
		880A43E32A5D4ACF0073DDDC /* SchoolInfoSignupViewController.swift */ = {isa = PBXFileReference; lastKnownFileType = sourcecode.swift; path = SchoolInfoSignupViewController.swift; sourceTree = "<group>"; };
		880A43E52A5D4B1C0073DDDC /* NickNameSignupViewController.swift */ = {isa = PBXFileReference; lastKnownFileType = sourcecode.swift; path = NickNameSignupViewController.swift; sourceTree = "<group>"; };
		880A43E72A5D57840073DDDC /* IdSignupViewController.swift */ = {isa = PBXFileReference; lastKnownFileType = sourcecode.swift; path = IdSignupViewController.swift; sourceTree = "<group>"; };
		880A43EB2A5E378D0073DDDC /* PasswordSignupViewController.swift */ = {isa = PBXFileReference; lastKnownFileType = sourcecode.swift; path = PasswordSignupViewController.swift; sourceTree = "<group>"; };
		885160E22A3C54860029A414 /* OnePiece.app */ = {isa = PBXFileReference; explicitFileType = wrapper.application; includeInIndex = 0; path = OnePiece.app; sourceTree = BUILT_PRODUCTS_DIR; };
		885160E52A3C54860029A414 /* AppDelegate.swift */ = {isa = PBXFileReference; lastKnownFileType = sourcecode.swift; path = AppDelegate.swift; sourceTree = "<group>"; };
		885160E72A3C54860029A414 /* SceneDelegate.swift */ = {isa = PBXFileReference; lastKnownFileType = sourcecode.swift; path = SceneDelegate.swift; sourceTree = "<group>"; };
		885160E92A3C54860029A414 /* LoginViewController.swift */ = {isa = PBXFileReference; lastKnownFileType = sourcecode.swift; path = LoginViewController.swift; sourceTree = "<group>"; };
		885160EE2A3C54870029A414 /* Assets.xcassets */ = {isa = PBXFileReference; lastKnownFileType = folder.assetcatalog; path = Assets.xcassets; sourceTree = "<group>"; };
		885160F12A3C54870029A414 /* Base */ = {isa = PBXFileReference; lastKnownFileType = file.storyboard; name = Base; path = Base.lproj/LaunchScreen.storyboard; sourceTree = "<group>"; };
		885160F32A3C54870029A414 /* Info.plist */ = {isa = PBXFileReference; lastKnownFileType = text.plist.xml; path = Info.plist; sourceTree = "<group>"; };
		887015682A6FF66C00E09096 /* TagListView.swift */ = {isa = PBXFileReference; lastKnownFileType = sourcecode.swift; path = TagListView.swift; sourceTree = "<group>"; };
		8870156A2A6FF90900E09096 /* TagListCell.swift */ = {isa = PBXFileReference; lastKnownFileType = sourcecode.swift; path = TagListCell.swift; sourceTree = "<group>"; };
		8875E2972A5EC42600CA20C1 /* UserModifyViewController.swift */ = {isa = PBXFileReference; lastKnownFileType = sourcecode.swift; path = UserModifyViewController.swift; sourceTree = "<group>"; };
		888D49922A6C2E6500124F93 /* FeedModifyViewController.swift */ = {isa = PBXFileReference; lastKnownFileType = sourcecode.swift; path = FeedModifyViewController.swift; sourceTree = "<group>"; };
		888D49BF2A6F891D00124F93 /* UserInfo.swift */ = {isa = PBXFileReference; lastKnownFileType = sourcecode.swift; path = UserInfo.swift; sourceTree = "<group>"; };
		88B8906E2A67A39400BDFD55 /* ContentAlert.swift */ = {isa = PBXFileReference; lastKnownFileType = sourcecode.swift; path = ContentAlert.swift; sourceTree = "<group>"; };
		A1B02E6DA75B3D95E03B89B7 /* Pods-OnePiece.release.xcconfig */ = {isa = PBXFileReference; includeInIndex = 1; lastKnownFileType = text.xcconfig; name = "Pods-OnePiece.release.xcconfig"; path = "Target Support Files/Pods-OnePiece/Pods-OnePiece.release.xcconfig"; sourceTree = "<group>"; };
		F32A90BC03FB9EDFE738B3DB /* Pods-OnePiece.debug.xcconfig */ = {isa = PBXFileReference; includeInIndex = 1; lastKnownFileType = text.xcconfig; name = "Pods-OnePiece.debug.xcconfig"; path = "Target Support Files/Pods-OnePiece/Pods-OnePiece.debug.xcconfig"; sourceTree = "<group>"; };
/* End PBXFileReference section */

/* Begin PBXFrameworksBuildPhase section */
		885160DF2A3C54860029A414 /* Frameworks */ = {
			isa = PBXFrameworksBuildPhase;
			buildActionMask = 2147483647;
			files = (
				21A2C3DFA2ACB9E5B9D24B6D /* Pods_OnePiece.framework in Frameworks */,
			);
			runOnlyForDeploymentPostprocessing = 0;
		};
/* End PBXFrameworksBuildPhase section */

/* Begin PBXGroup section */
		00357660DED0596AF0888BC3 /* Frameworks */ = {
			isa = PBXGroup;
			children = (
				638D3C46E2943A0EBB5CEBE8 /* Pods_OnePiece.framework */,
			);
			name = Frameworks;
			sourceTree = "<group>";
		};
		004F1EA4EF10BB150E7EAC1B /* Pods */ = {
			isa = PBXGroup;
			children = (
				F32A90BC03FB9EDFE738B3DB /* Pods-OnePiece.debug.xcconfig */,
				A1B02E6DA75B3D95E03B89B7 /* Pods-OnePiece.release.xcconfig */,
			);
			path = Pods;
			sourceTree = "<group>";
		};
		880A42A62A4E70D40073DDDC /* Orbit */ = {
			isa = PBXGroup;
			children = (
				880A42A72A4E70D40073DDDC /* OFL.txt */,
				880A42A82A4E70D40073DDDC /* Orbit-Regular.ttf */,
			);
			path = Orbit;
			sourceTree = "<group>";
		};
		880A42AB2A4E81190073DDDC /* Auth */ = {
			isa = PBXGroup;
			children = (
				888D49302A6A022E00124F93 /* Login */,
				880A43E22A5D4A300073DDDC /* Signup */,
			);
			path = Auth;
			sourceTree = "<group>";
		};
		880A42C02A5476A30073DDDC /* Component */ = {
			isa = PBXGroup;
			children = (
				880A42C12A5476CF0073DDDC /* DefaultTextField.swift */,
				880A43372A582C580073DDDC /* DefaultButton.swift */,
				880A42B82A52D1360073DDDC /* DefaultAlert.swift */,
				88B8906E2A67A39400BDFD55 /* ContentAlert.swift */,
				887015682A6FF66C00E09096 /* TagListView.swift */,
			);
			path = Component;
			sourceTree = "<group>";
		};
		880A42C72A5662610073DDDC /* Scene */ = {
			isa = PBXGroup;
			children = (
				880A42AB2A4E81190073DDDC /* Auth */,
				880A42CB2A56E1EB0073DDDC /* Main */,
				8875E2962A5EC40800CA20C1 /* User */,
				880A42C82A56DC710073DDDC /* Cell */,
			);
			path = Scene;
			sourceTree = "<group>";
		};
		880A42C82A56DC710073DDDC /* Cell */ = {
			isa = PBXGroup;
			children = (
				880A42C92A56DC970073DDDC /* CustomCell.swift */,
				8870156A2A6FF90900E09096 /* TagListCell.swift */,
			);
			path = Cell;
			sourceTree = "<group>";
		};
		880A42CB2A56E1EB0073DDDC /* Main */ = {
			isa = PBXGroup;
			children = (
				880A42B32A5167E30073DDDC /* MainViewController.swift */,
				880A42CC2A56E2110073DDDC /* FeedContentViewController.swift */,
				888D49922A6C2E6500124F93 /* FeedModifyViewController.swift */,
			);
			path = Main;
			sourceTree = "<group>";
		};
		880A43332A5827D80073DDDC /* Service */ = {
			isa = PBXGroup;
			children = (
				888D49BE2A6F890800124F93 /* UserSignup */,
				888D492D2A69739200124F93 /* Header */,
				880A43772A5AF0AB0073DDDC /* Plugin */,
				880A437A2A5AF1D50073DDDC /* Auth */,
			);
			path = Service;
			sourceTree = "<group>";
		};
		880A43342A5827DE0073DDDC /* API */ = {
			isa = PBXGroup;
			children = (
				880A43352A5827EA0073DDDC /* AuthAPI.swift */,
			);
			path = API;
			sourceTree = "<group>";
		};
		880A43772A5AF0AB0073DDDC /* Plugin */ = {
			isa = PBXGroup;
			children = (
				880A43782A5AF0D40073DDDC /* MoyaLoggerPlugin.swift */,
			);
			path = Plugin;
			sourceTree = "<group>";
		};
		880A437A2A5AF1D50073DDDC /* Auth */ = {
			isa = PBXGroup;
			children = (
				880A43342A5827DE0073DDDC /* API */,
				880A437B2A5AF1E50073DDDC /* Response */,
			);
			path = Auth;
			sourceTree = "<group>";
		};
		880A437B2A5AF1E50073DDDC /* Response */ = {
			isa = PBXGroup;
			children = (
				880A437C2A5AF2090073DDDC /* AuthResponse.swift */,
			);
			path = Response;
			sourceTree = "<group>";
		};
		880A43E22A5D4A300073DDDC /* Signup */ = {
			isa = PBXGroup;
			children = (
				880A43E72A5D57840073DDDC /* IdSignupViewController.swift */,
				880A43EB2A5E378D0073DDDC /* PasswordSignupViewController.swift */,
				880A43E32A5D4ACF0073DDDC /* SchoolInfoSignupViewController.swift */,
				880A43E52A5D4B1C0073DDDC /* NickNameSignupViewController.swift */,
			);
			path = Signup;
			sourceTree = "<group>";
		};
		885160D92A3C54860029A414 = {
			isa = PBXGroup;
			children = (
				885160E42A3C54860029A414 /* OnePiece */,
				885160E32A3C54860029A414 /* Products */,
				004F1EA4EF10BB150E7EAC1B /* Pods */,
				00357660DED0596AF0888BC3 /* Frameworks */,
			);
			sourceTree = "<group>";
		};
		885160E32A3C54860029A414 /* Products */ = {
			isa = PBXGroup;
			children = (
				885160E22A3C54860029A414 /* OnePiece.app */,
			);
			name = Products;
			sourceTree = "<group>";
		};
		885160E42A3C54860029A414 /* OnePiece */ = {
			isa = PBXGroup;
			children = (
				880A43332A5827D80073DDDC /* Service */,
				880A42C02A5476A30073DDDC /* Component */,
				880A42C72A5662610073DDDC /* Scene */,
				885160F92A3C55890029A414 /* SupportFile */,
				885160F32A3C54870029A414 /* Info.plist */,
			);
			path = OnePiece;
			sourceTree = "<group>";
		};
		885160F92A3C55890029A414 /* SupportFile */ = {
			isa = PBXGroup;
			children = (
				880A42A62A4E70D40073DDDC /* Orbit */,
				885160E52A3C54860029A414 /* AppDelegate.swift */,
				885160E72A3C54860029A414 /* SceneDelegate.swift */,
				885160EE2A3C54870029A414 /* Assets.xcassets */,
				885160F02A3C54870029A414 /* LaunchScreen.storyboard */,
			);
			path = SupportFile;
			sourceTree = "<group>";
		};
		8875E2962A5EC40800CA20C1 /* User */ = {
			isa = PBXGroup;
			children = (
				880A43E02A5D2FB30073DDDC /* UserViewController.swift */,
				8875E2972A5EC42600CA20C1 /* UserModifyViewController.swift */,
			);
			path = User;
			sourceTree = "<group>";
		};
		888D492D2A69739200124F93 /* Header */ = {
			isa = PBXGroup;
			children = (
			);
			path = Header;
			sourceTree = "<group>";
		};
		888D49302A6A022E00124F93 /* Login */ = {
			isa = PBXGroup;
			children = (
				885160E92A3C54860029A414 /* LoginViewController.swift */,
			);
			path = Login;
			sourceTree = "<group>";
		};
		888D49BE2A6F890800124F93 /* UserSignup */ = {
			isa = PBXGroup;
			children = (
				888D49BF2A6F891D00124F93 /* UserInfo.swift */,
			);
			path = UserSignup;
			sourceTree = "<group>";
		};
/* End PBXGroup section */

/* Begin PBXNativeTarget section */
		885160E12A3C54860029A414 /* OnePiece */ = {
			isa = PBXNativeTarget;
			buildConfigurationList = 885160F62A3C54870029A414 /* Build configuration list for PBXNativeTarget "OnePiece" */;
			buildPhases = (
				2E5179D71A1A691AF0EC4800 /* [CP] Check Pods Manifest.lock */,
				885160DE2A3C54860029A414 /* Sources */,
				885160DF2A3C54860029A414 /* Frameworks */,
				885160E02A3C54860029A414 /* Resources */,
				F913529F8743C089677FFE3F /* [CP] Embed Pods Frameworks */,
			);
			buildRules = (
			);
			dependencies = (
			);
			name = OnePiece;
			productName = OnePiece;
			productReference = 885160E22A3C54860029A414 /* OnePiece.app */;
			productType = "com.apple.product-type.application";
		};
/* End PBXNativeTarget section */

/* Begin PBXProject section */
		885160DA2A3C54860029A414 /* Project object */ = {
			isa = PBXProject;
			attributes = {
				BuildIndependentTargetsInParallel = 1;
				LastSwiftUpdateCheck = 1430;
				LastUpgradeCheck = 1430;
				TargetAttributes = {
					885160E12A3C54860029A414 = {
						CreatedOnToolsVersion = 14.3.1;
					};
				};
			};
			buildConfigurationList = 885160DD2A3C54860029A414 /* Build configuration list for PBXProject "OnePiece" */;
			compatibilityVersion = "Xcode 14.0";
			developmentRegion = en;
			hasScannedForEncodings = 0;
			knownRegions = (
				en,
				Base,
			);
			mainGroup = 885160D92A3C54860029A414;
			productRefGroup = 885160E32A3C54860029A414 /* Products */;
			projectDirPath = "";
			projectRoot = "";
			targets = (
				885160E12A3C54860029A414 /* OnePiece */,
			);
		};
/* End PBXProject section */

/* Begin PBXResourcesBuildPhase section */
		885160E02A3C54860029A414 /* Resources */ = {
			isa = PBXResourcesBuildPhase;
			buildActionMask = 2147483647;
			files = (
				880A42AA2A4E70D40073DDDC /* Orbit-Regular.ttf in Resources */,
				880A42A92A4E70D40073DDDC /* OFL.txt in Resources */,
				885160F22A3C54870029A414 /* LaunchScreen.storyboard in Resources */,
				885160EF2A3C54870029A414 /* Assets.xcassets in Resources */,
			);
			runOnlyForDeploymentPostprocessing = 0;
		};
/* End PBXResourcesBuildPhase section */

/* Begin PBXShellScriptBuildPhase section */
		2E5179D71A1A691AF0EC4800 /* [CP] Check Pods Manifest.lock */ = {
			isa = PBXShellScriptBuildPhase;
			buildActionMask = 2147483647;
			files = (
			);
			inputFileListPaths = (
			);
			inputPaths = (
				"${PODS_PODFILE_DIR_PATH}/Podfile.lock",
				"${PODS_ROOT}/Manifest.lock",
			);
			name = "[CP] Check Pods Manifest.lock";
			outputFileListPaths = (
			);
			outputPaths = (
				"$(DERIVED_FILE_DIR)/Pods-OnePiece-checkManifestLockResult.txt",
			);
			runOnlyForDeploymentPostprocessing = 0;
			shellPath = /bin/sh;
			shellScript = "diff \"${PODS_PODFILE_DIR_PATH}/Podfile.lock\" \"${PODS_ROOT}/Manifest.lock\" > /dev/null\nif [ $? != 0 ] ; then\n    # print error to STDERR\n    echo \"error: The sandbox is not in sync with the Podfile.lock. Run 'pod install' or update your CocoaPods installation.\" >&2\n    exit 1\nfi\n# This output is used by Xcode 'outputs' to avoid re-running this script phase.\necho \"SUCCESS\" > \"${SCRIPT_OUTPUT_FILE_0}\"\n";
			showEnvVarsInLog = 0;
		};
		F913529F8743C089677FFE3F /* [CP] Embed Pods Frameworks */ = {
			isa = PBXShellScriptBuildPhase;
			buildActionMask = 2147483647;
			files = (
			);
			inputFileListPaths = (
				"${PODS_ROOT}/Target Support Files/Pods-OnePiece/Pods-OnePiece-frameworks-${CONFIGURATION}-input-files.xcfilelist",
			);
			name = "[CP] Embed Pods Frameworks";
			outputFileListPaths = (
				"${PODS_ROOT}/Target Support Files/Pods-OnePiece/Pods-OnePiece-frameworks-${CONFIGURATION}-output-files.xcfilelist",
			);
			runOnlyForDeploymentPostprocessing = 0;
			shellPath = /bin/sh;
			shellScript = "\"${PODS_ROOT}/Target Support Files/Pods-OnePiece/Pods-OnePiece-frameworks.sh\"\n";
			showEnvVarsInLog = 0;
		};
/* End PBXShellScriptBuildPhase section */

/* Begin PBXSourcesBuildPhase section */
		885160DE2A3C54860029A414 /* Sources */ = {
			isa = PBXSourcesBuildPhase;
			buildActionMask = 2147483647;
			files = (
				888D49932A6C2E6600124F93 /* FeedModifyViewController.swift in Sources */,
				880A42B92A52D1360073DDDC /* DefaultAlert.swift in Sources */,
				880A43EC2A5E378D0073DDDC /* PasswordSignupViewController.swift in Sources */,
				880A43E82A5D57840073DDDC /* IdSignupViewController.swift in Sources */,
				885160EA2A3C54860029A414 /* LoginViewController.swift in Sources */,
				885160E62A3C54860029A414 /* AppDelegate.swift in Sources */,
				8875E2982A5EC42600CA20C1 /* UserModifyViewController.swift in Sources */,
				880A42C22A5476CF0073DDDC /* DefaultTextField.swift in Sources */,
				880A437D2A5AF2090073DDDC /* AuthResponse.swift in Sources */,
				880A43E12A5D2FB30073DDDC /* UserViewController.swift in Sources */,
				880A43792A5AF0D40073DDDC /* MoyaLoggerPlugin.swift in Sources */,
				880A42CA2A56DC970073DDDC /* CustomCell.swift in Sources */,
				880A43E62A5D4B1C0073DDDC /* NickNameSignupViewController.swift in Sources */,
				880A43362A5827EA0073DDDC /* AuthAPI.swift in Sources */,
				880A43382A582C580073DDDC /* DefaultButton.swift in Sources */,
				880A43E42A5D4ACF0073DDDC /* SchoolInfoSignupViewController.swift in Sources */,
				880A42CD2A56E2110073DDDC /* FeedContentViewController.swift in Sources */,
				885160E82A3C54860029A414 /* SceneDelegate.swift in Sources */,
				88B8906F2A67A39400BDFD55 /* ContentAlert.swift in Sources */,
				8870156B2A6FF90900E09096 /* TagListCell.swift in Sources */,
				887015692A6FF66C00E09096 /* TagListView.swift in Sources */,
				888D49C02A6F891D00124F93 /* UserInfo.swift in Sources */,
				880A42B42A5167E30073DDDC /* MainViewController.swift in Sources */,
			);
			runOnlyForDeploymentPostprocessing = 0;
		};
/* End PBXSourcesBuildPhase section */

/* Begin PBXVariantGroup section */
		885160F02A3C54870029A414 /* LaunchScreen.storyboard */ = {
			isa = PBXVariantGroup;
			children = (
				885160F12A3C54870029A414 /* Base */,
			);
			name = LaunchScreen.storyboard;
			sourceTree = "<group>";
		};
/* End PBXVariantGroup section */

/* Begin XCBuildConfiguration section */
		885160F42A3C54870029A414 /* Debug */ = {
			isa = XCBuildConfiguration;
			buildSettings = {
				ALWAYS_SEARCH_USER_PATHS = NO;
				CLANG_ANALYZER_NONNULL = YES;
				CLANG_ANALYZER_NUMBER_OBJECT_CONVERSION = YES_AGGRESSIVE;
				CLANG_CXX_LANGUAGE_STANDARD = "gnu++20";
				CLANG_ENABLE_MODULES = YES;
				CLANG_ENABLE_OBJC_ARC = YES;
				CLANG_ENABLE_OBJC_WEAK = YES;
				CLANG_WARN_BLOCK_CAPTURE_AUTORELEASING = YES;
				CLANG_WARN_BOOL_CONVERSION = YES;
				CLANG_WARN_COMMA = YES;
				CLANG_WARN_CONSTANT_CONVERSION = YES;
				CLANG_WARN_DEPRECATED_OBJC_IMPLEMENTATIONS = YES;
				CLANG_WARN_DIRECT_OBJC_ISA_USAGE = YES_ERROR;
				CLANG_WARN_DOCUMENTATION_COMMENTS = YES;
				CLANG_WARN_EMPTY_BODY = YES;
				CLANG_WARN_ENUM_CONVERSION = YES;
				CLANG_WARN_INFINITE_RECURSION = YES;
				CLANG_WARN_INT_CONVERSION = YES;
				CLANG_WARN_NON_LITERAL_NULL_CONVERSION = YES;
				CLANG_WARN_OBJC_IMPLICIT_RETAIN_SELF = YES;
				CLANG_WARN_OBJC_LITERAL_CONVERSION = YES;
				CLANG_WARN_OBJC_ROOT_CLASS = YES_ERROR;
				CLANG_WARN_QUOTED_INCLUDE_IN_FRAMEWORK_HEADER = YES;
				CLANG_WARN_RANGE_LOOP_ANALYSIS = YES;
				CLANG_WARN_STRICT_PROTOTYPES = YES;
				CLANG_WARN_SUSPICIOUS_MOVE = YES;
				CLANG_WARN_UNGUARDED_AVAILABILITY = YES_AGGRESSIVE;
				CLANG_WARN_UNREACHABLE_CODE = YES;
				CLANG_WARN__DUPLICATE_METHOD_MATCH = YES;
				COPY_PHASE_STRIP = NO;
				DEBUG_INFORMATION_FORMAT = dwarf;
				ENABLE_STRICT_OBJC_MSGSEND = YES;
				ENABLE_TESTABILITY = YES;
				GCC_C_LANGUAGE_STANDARD = gnu11;
				GCC_DYNAMIC_NO_PIC = NO;
				GCC_NO_COMMON_BLOCKS = YES;
				GCC_OPTIMIZATION_LEVEL = 0;
				GCC_PREPROCESSOR_DEFINITIONS = (
					"DEBUG=1",
					"$(inherited)",
				);
				GCC_WARN_64_TO_32_BIT_CONVERSION = YES;
				GCC_WARN_ABOUT_RETURN_TYPE = YES_ERROR;
				GCC_WARN_UNDECLARED_SELECTOR = YES;
				GCC_WARN_UNINITIALIZED_AUTOS = YES_AGGRESSIVE;
				GCC_WARN_UNUSED_FUNCTION = YES;
				GCC_WARN_UNUSED_VARIABLE = YES;
				IPHONEOS_DEPLOYMENT_TARGET = 16.4;
				MTL_ENABLE_DEBUG_INFO = INCLUDE_SOURCE;
				MTL_FAST_MATH = YES;
				ONLY_ACTIVE_ARCH = YES;
				SDKROOT = iphoneos;
				SWIFT_ACTIVE_COMPILATION_CONDITIONS = DEBUG;
				SWIFT_OPTIMIZATION_LEVEL = "-Onone";
			};
			name = Debug;
		};
		885160F52A3C54870029A414 /* Release */ = {
			isa = XCBuildConfiguration;
			buildSettings = {
				ALWAYS_SEARCH_USER_PATHS = NO;
				CLANG_ANALYZER_NONNULL = YES;
				CLANG_ANALYZER_NUMBER_OBJECT_CONVERSION = YES_AGGRESSIVE;
				CLANG_CXX_LANGUAGE_STANDARD = "gnu++20";
				CLANG_ENABLE_MODULES = YES;
				CLANG_ENABLE_OBJC_ARC = YES;
				CLANG_ENABLE_OBJC_WEAK = YES;
				CLANG_WARN_BLOCK_CAPTURE_AUTORELEASING = YES;
				CLANG_WARN_BOOL_CONVERSION = YES;
				CLANG_WARN_COMMA = YES;
				CLANG_WARN_CONSTANT_CONVERSION = YES;
				CLANG_WARN_DEPRECATED_OBJC_IMPLEMENTATIONS = YES;
				CLANG_WARN_DIRECT_OBJC_ISA_USAGE = YES_ERROR;
				CLANG_WARN_DOCUMENTATION_COMMENTS = YES;
				CLANG_WARN_EMPTY_BODY = YES;
				CLANG_WARN_ENUM_CONVERSION = YES;
				CLANG_WARN_INFINITE_RECURSION = YES;
				CLANG_WARN_INT_CONVERSION = YES;
				CLANG_WARN_NON_LITERAL_NULL_CONVERSION = YES;
				CLANG_WARN_OBJC_IMPLICIT_RETAIN_SELF = YES;
				CLANG_WARN_OBJC_LITERAL_CONVERSION = YES;
				CLANG_WARN_OBJC_ROOT_CLASS = YES_ERROR;
				CLANG_WARN_QUOTED_INCLUDE_IN_FRAMEWORK_HEADER = YES;
				CLANG_WARN_RANGE_LOOP_ANALYSIS = YES;
				CLANG_WARN_STRICT_PROTOTYPES = YES;
				CLANG_WARN_SUSPICIOUS_MOVE = YES;
				CLANG_WARN_UNGUARDED_AVAILABILITY = YES_AGGRESSIVE;
				CLANG_WARN_UNREACHABLE_CODE = YES;
				CLANG_WARN__DUPLICATE_METHOD_MATCH = YES;
				COPY_PHASE_STRIP = NO;
				DEBUG_INFORMATION_FORMAT = "dwarf-with-dsym";
				ENABLE_NS_ASSERTIONS = NO;
				ENABLE_STRICT_OBJC_MSGSEND = YES;
				GCC_C_LANGUAGE_STANDARD = gnu11;
				GCC_NO_COMMON_BLOCKS = YES;
				GCC_WARN_64_TO_32_BIT_CONVERSION = YES;
				GCC_WARN_ABOUT_RETURN_TYPE = YES_ERROR;
				GCC_WARN_UNDECLARED_SELECTOR = YES;
				GCC_WARN_UNINITIALIZED_AUTOS = YES_AGGRESSIVE;
				GCC_WARN_UNUSED_FUNCTION = YES;
				GCC_WARN_UNUSED_VARIABLE = YES;
				IPHONEOS_DEPLOYMENT_TARGET = 16.4;
				MTL_ENABLE_DEBUG_INFO = NO;
				MTL_FAST_MATH = YES;
				SDKROOT = iphoneos;
				SWIFT_COMPILATION_MODE = wholemodule;
				SWIFT_OPTIMIZATION_LEVEL = "-O";
				VALIDATE_PRODUCT = YES;
			};
			name = Release;
		};
		885160F72A3C54870029A414 /* Debug */ = {
			isa = XCBuildConfiguration;
			baseConfigurationReference = F32A90BC03FB9EDFE738B3DB /* Pods-OnePiece.debug.xcconfig */;
			buildSettings = {
				ASSETCATALOG_COMPILER_APPICON_NAME = AppIcon;
				ASSETCATALOG_COMPILER_GLOBAL_ACCENT_COLOR_NAME = AccentColor;
				CODE_SIGN_STYLE = Automatic;
				CURRENT_PROJECT_VERSION = 1;
				DEVELOPMENT_TEAM = 8836BP5ACL;
				GENERATE_INFOPLIST_FILE = YES;
				INFOPLIST_FILE = OnePiece/Info.plist;
				INFOPLIST_KEY_UIApplicationSupportsIndirectInputEvents = YES;
				INFOPLIST_KEY_UILaunchStoryboardName = LaunchScreen;
				INFOPLIST_KEY_UISupportedInterfaceOrientations_iPad = "UIInterfaceOrientationPortrait UIInterfaceOrientationPortraitUpsideDown UIInterfaceOrientationLandscapeLeft UIInterfaceOrientationLandscapeRight";
				INFOPLIST_KEY_UISupportedInterfaceOrientations_iPhone = "UIInterfaceOrientationPortrait UIInterfaceOrientationLandscapeLeft UIInterfaceOrientationLandscapeRight";
				LD_RUNPATH_SEARCH_PATHS = (
					"$(inherited)",
					"@executable_path/Frameworks",
				);
				MARKETING_VERSION = 1.0;
				PRODUCT_BUNDLE_IDENTIFIER = onepiece.OnePiece;
				PRODUCT_NAME = "$(TARGET_NAME)";
				SWIFT_EMIT_LOC_STRINGS = YES;
				SWIFT_VERSION = 5.0;
				TARGETED_DEVICE_FAMILY = "1,2";
			};
			name = Debug;
		};
		885160F82A3C54870029A414 /* Release */ = {
			isa = XCBuildConfiguration;
			baseConfigurationReference = A1B02E6DA75B3D95E03B89B7 /* Pods-OnePiece.release.xcconfig */;
			buildSettings = {
				ASSETCATALOG_COMPILER_APPICON_NAME = AppIcon;
				ASSETCATALOG_COMPILER_GLOBAL_ACCENT_COLOR_NAME = AccentColor;
				CODE_SIGN_STYLE = Automatic;
				CURRENT_PROJECT_VERSION = 1;
				DEVELOPMENT_TEAM = 8836BP5ACL;
				GENERATE_INFOPLIST_FILE = YES;
				INFOPLIST_FILE = OnePiece/Info.plist;
				INFOPLIST_KEY_UIApplicationSupportsIndirectInputEvents = YES;
				INFOPLIST_KEY_UILaunchStoryboardName = LaunchScreen;
				INFOPLIST_KEY_UISupportedInterfaceOrientations_iPad = "UIInterfaceOrientationPortrait UIInterfaceOrientationPortraitUpsideDown UIInterfaceOrientationLandscapeLeft UIInterfaceOrientationLandscapeRight";
				INFOPLIST_KEY_UISupportedInterfaceOrientations_iPhone = "UIInterfaceOrientationPortrait UIInterfaceOrientationLandscapeLeft UIInterfaceOrientationLandscapeRight";
				LD_RUNPATH_SEARCH_PATHS = (
					"$(inherited)",
					"@executable_path/Frameworks",
				);
				MARKETING_VERSION = 1.0;
				PRODUCT_BUNDLE_IDENTIFIER = onepiece.OnePiece;
				PRODUCT_NAME = "$(TARGET_NAME)";
				SWIFT_EMIT_LOC_STRINGS = YES;
				SWIFT_VERSION = 5.0;
				TARGETED_DEVICE_FAMILY = "1,2";
			};
			name = Release;
		};
/* End XCBuildConfiguration section */

/* Begin XCConfigurationList section */
		885160DD2A3C54860029A414 /* Build configuration list for PBXProject "OnePiece" */ = {
			isa = XCConfigurationList;
			buildConfigurations = (
				885160F42A3C54870029A414 /* Debug */,
				885160F52A3C54870029A414 /* Release */,
			);
			defaultConfigurationIsVisible = 0;
			defaultConfigurationName = Release;
		};
		885160F62A3C54870029A414 /* Build configuration list for PBXNativeTarget "OnePiece" */ = {
			isa = XCConfigurationList;
			buildConfigurations = (
				885160F72A3C54870029A414 /* Debug */,
				885160F82A3C54870029A414 /* Release */,
			);
			defaultConfigurationIsVisible = 0;
			defaultConfigurationName = Release;
		};
/* End XCConfigurationList section */
	};
	rootObject = 885160DA2A3C54860029A414 /* Project object */;
}
